{
  "name": "extention",
  "version": "1.0.0",
  "lockfileVersion": 2,
  "requires": true,
  "packages": {
    "": {
      "name": "extention",
      "version": "1.0.0",
      "license": "ISC",
      "devDependencies": {
        "owl-eye": "^1.0.1"
      }
    },
    "node_modules/owl-eye": {
      "version": "1.0.1",
      "resolved": "https://registry.npmjs.org/owl-eye/-/owl-eye-1.0.1.tgz",
      "integrity": "sha512-FUhvnEVKibI/kGqtuatucQ6cuoOIwZ/q3wT9CuYaoQnnQH2hCr590BSJaI/iDW9rFzbe0EKS0HNHsUlVEh19qQ==",
      "dev": true
    }
  },
  "dependencies": {
    "owl-eye": {
      "version": "1.0.1",
      "resolved": "https://registry.npmjs.org/owl-eye/-/owl-eye-1.0.1.tgz",
      "integrity": "sha512-FUhvnEVKibI/kGqtuatucQ6cuoOIwZ/q3wT9CuYaoQnnQH2hCr590BSJaI/iDW9rFzbe0EKS0HNHsUlVEh19qQ==",
      "dev": true
    }
  }
}
